
Microsoft Visual Studio Solution File, Format Version 12.00
# Visual Studio 15
VisualStudioVersion = 15.0.28307.902
MinimumVisualStudioVersion = 10.0.40219.1
Project("{FAE04EC0-301F-11D3-BF4B-00C04F79EFBC}") = "CursoPOO", "CursoPOO\CursoPOO.csproj", "{4C944444-A0AA-42EA-993D-D5D2734E4EEB}"
EndProject
Global
	GlobalSection(SolutionConfigurationPlatforms) = preSolution
		Debug|Any CPU = Debug|Any CPU
		Release|Any CPU = Release|Any CPU
	EndGlobalSection
	GlobalSection(ProjectConfigurationPlatforms) = postSolution
		{4C944444-A0AA-42EA-993D-D5D2734E4EEB}.Debug|Any CPU.ActiveCfg = Debug|Any CPU
		{4C944444-A0AA-42EA-993D-D5D2734E4EEB}.Debug|Any CPU.Build.0 = Debug|Any CPU
		{4C944444-A0AA-42EA-993D-D5D2734E4EEB}.Release|Any CPU.ActiveCfg = Release|Any CPU
		{4C944444-A0AA-42EA-993D-D5D2734E4EEB}.Release|Any CPU.Build.0 = Release|Any CPU
	EndGlobalSection
	GlobalSection(SolutionProperties) = preSolution
		HideSolutionNode = FALSE
	EndGlobalSection
	GlobalSection(ExtensibilityGlobals) = postSolution
		SolutionGuid = {E8961BD5-DBBC-4984-BD72-7D021876845F}
	EndGlobalSection
EndGlobal
